{
    "_meta": {
        "hash": {
            "sha256": "10d8456fbc6cdc1590f15e220eae8b911e1531e2f1bb272ddd646bbd243e5652"
        },
        "pipfile-spec": 6,
        "requires": {
            "python_version": "3.8"
        },
        "sources": [
            {
                "name": "pypi",
                "url": "https://pypi.python.org/simple",
                "verify_ssl": true
            }
        ]
    },
    "default": {
        "argumentparser": {
            "hashes": [
                "sha256:f996cc1ca7b9f7cec470150bdcbaf66c712f4de0d029307c4b25ec9d1b1aee08"
            ],
            "index": "pypi",
            "version": "==1.2.1"
        },
        "cachetools": {
            "hashes": [
                "sha256:486471dfa8799eb7ec503a8059e263db000cdda20075ce5e48903087f79d5fd6",
                "sha256:8fecd4203a38af17928be7b90689d8083603073622229ca7077b72d8e5a976e4"
            ],
            "index": "pypi",
            "version": "==5.0.0"
        },
        "certifi": {
            "hashes": [
                "sha256:78884e7c1d4b00ce3cea67b44566851c4343c120abd683433ce934a68ea58872",
                "sha256:d62a0163eb4c2344ac042ab2bdf75399a71a2d8c7d47eac2e2ee91b9d6339569"
            ],
            "version": "==2021.10.8"
        },
        "charset-normalizer": {
            "hashes": [
                "sha256:2857e29ff0d34db842cd7ca3230549d1a697f96ee6d3fb071cfa6c7393832597",
                "sha256:6881edbebdb17b39b4eaaa821b438bf6eddffb4468cf344f09f89def34a8b1df"
            ],
            "markers": "python_version >= '3'",
            "version": "==2.0.12"
        },
        "click": {
            "hashes": [
                "sha256:7682dc8afb30297001674575ea00d1814d808d6a36af415a82bd481d37ba7b8e",
                "sha256:bb4d8133cb15a609f44e8213d9b391b0809795062913b383c62be0ee95b1db48"
            ],
            "markers": "python_version >= '3.7'",
            "version": "==8.1.3"
        },
        "coloredlogs": {
            "hashes": [
                "sha256:612ee75c546f53e92e70049c9dbfcc18c935a2b9a53b66085ce9ef6a6e5c0934",
                "sha256:7c991aa71a4577af2f82600d8f8f3a89f936baeaf9b50a9c197da014e5bf16b0"
            ],
            "index": "pypi",
            "version": "==15.0.1"
        },
        "flask": {
            "hashes": [
                "sha256:315ded2ddf8a6281567edb27393010fe3406188bafbfe65a3339d5787d89e477",
                "sha256:fad5b446feb0d6db6aec0c3184d16a8c1f6c3e464b511649c8918a9be100b4fe"
            ],
            "index": "pypi",
            "version": "==2.1.2"
        },
        "flask-login": {
            "hashes": [
                "sha256:1306d474a270a036d6fd14f45640c4d77355e4f1c67ca4331b372d3448997b8c",
                "sha256:b9a4287a2d0067a7a482a23e40075e0d670f371974633fe890222dece4e02a74"
            ],
            "index": "pypi",
            "version": "==0.6.1"
        },
        "humanfriendly": {
            "hashes": [
                "sha256:1697e1a8a8f550fd43c2865cd84542fc175a61dcb779b6fee18cf6b6ccba1477",
                "sha256:6b0b831ce8f15f7300721aa49829fc4e83921a9a301cc7f606be6686a2288ddc"
            ],
            "markers": "python_version >= '2.7' and python_version not in '3.0, 3.1, 3.2, 3.3, 3.4'",
            "version": "==10.0"
        },
        "idna": {
            "hashes": [
                "sha256:84d9dd047ffa80596e0f246e2eab0b391788b0503584e8945f2368256d2735ff",
                "sha256:9d643ff0a55b762d5cdb124b8eaa99c66322e2157b69160bc32796e824360e6d"
            ],
            "markers": "python_version >= '3'",
            "version": "==3.3"
        },
        "importlib-metadata": {
            "hashes": [
                "sha256:1208431ca90a8cca1a6b8af391bb53c1a2db74e5d1cef6ddced95d4b2062edc6",
                "sha256:ea4c597ebf37142f827b8f39299579e31685c31d3a438b59f469406afd0f2539"
            ],
            "markers": "python_version < '3.10'",
            "version": "==4.11.3"
        },
        "itsdangerous": {
            "hashes": [
                "sha256:2c2349112351b88699d8d4b6b075022c0808887cb7ad10069318a8b0bc88db44",
                "sha256:5dbbc68b317e5e42f327f9021763545dc3fc3bfe22e6deb96aaf1fc38874156a"
            ],
            "markers": "python_version >= '3.7'",
            "version": "==2.1.2"
        },
        "jinja2": {
            "hashes": [
                "sha256:31351a702a408a9e7595a8fc6150fc3f43bb6bf7e319770cbc0db9df9437e852",
                "sha256:6088930bfe239f0e6710546ab9c19c9ef35e29792895fed6e6e31a023a182a61"
            ],
            "markers": "python_version >= '3.7'",
            "version": "==3.1.2"
        },
        "libtorrent": {
            "hashes": [
                "sha256:00f6e8788c13fe8bbfe92829954a745800222a1519ff54207eec98d1f49a3faf",
                "sha256:01dbb3c2bf6cd8a8dfa97bd35599965266aedd126304817063e4816b50560ad7",
                "sha256:16ab5f321d17ca7591b54bc59096a571771ca308c85f73a8d8ce109c52b88db8",
                "sha256:2c977970bbb45685ad522744258bceca237658b6b77b9ad86f6cb53c1ad52f4b",
                "sha256:33bc0b459d4cb9d9f2892d6fa89146f18f86866f9209e2e5502e4119a2e537ad",
                "sha256:484933ae2ff43ac5dc5ad72624e766bd4cdf4814f7e4ff2521c2fc02cda0228f",
                "sha256:4a2904eddbb90c49e3b9cd7e8b7e7f208bce0c91c8c7613ddec1f672b64adb22",
                "sha256:4b016896a3c4be5a785f718a597db2faeb32b7df1f608d93cd6845e33ef9b71e",
                "sha256:4cf41359fe6fddfba4e1e76f39e48e7ea8392f7c1fe8f924b66ac621db348665",
                "sha256:4f03aa7ef3269f7abc631bf0f00dcd4217448c09997f335c35262a09ed426587",
                "sha256:5014fbe197756389629410d3c35a2dc8ab01981850d24d9ed2b52e1f9480ac20",
                "sha256:6aaec88c2f2b823fba7be7868155c63c3fa5cd651d941c21fc6a48ccdfd0e09f",
                "sha256:6cf0c766b45d007cec1a47c7d46c0af1715caed4dcca887b018cf2877aeeb928",
                "sha256:8532ffd603133c07ac95abb7a3c4f80276f93c3d4d2abba0f81e240c356184c1",
                "sha256:97c8a6775b04fa3abbe3ca974375762f8a6f90be0a806a4f59e87b47b183cc0e",
                "sha256:a29fb8fbcd7c7c8937296ee50a16beb11d87b8c990a35b0d437adf32f648fbd9",
                "sha256:aca73adef48034e68483e2b4934e79a9ad70a89cdc8ba49249010c9cd49ad3af",
                "sha256:b56e122dd4092f25a68d0576273a4703d55aea85dfdae9601dc0cb7abc14a4af",
                "sha256:b884fdf9a5d37bc863f2e9918797fc4ebf1271e9ab475ff9101bf52fb1364ff2",
                "sha256:c2562da934ebd2ef7a8521820c108044e31c494c1c0a53751839aabbb6f0ebff",
                "sha256:cccdec26898b6ec853843b706f9b7ddf334ede4f9d0c34ea1cc97b9735dd928d",
                "sha256:da5d2c800ff96301cd6647fdd731ba63889fd786daaaea12ef1a0c625242e6df",
                "sha256:dd3cbadc2f04a87a86060e7bd45a6ea2e6ac30583575249c6851a7e67d47c2de",
                "sha256:e06e3864f7349d0f10358b3da8754c7874f66e0e0b896dff34f8b7fd629e4046",
                "sha256:e089de94bed6f6f747c7d83928d2bb2af00c5fc035c7b4cbde4345960eb5d451",
                "sha256:eba4131dc74ae9496a722aafb2633a437fb7e3de1c84fb169a49a21c71d299b0",
                "sha256:ec6f8853bc6c64eaa5b34b2d5eb8b11f1c93b76255b9543678afbc025f3e27bf",
                "sha256:fe2167345dc78f16b111bbeed2be9f65db3120e1ca4237d716b7e1400558a2df"
            ],
            "index": "pypi",
            "version": "==2.0.6"
        },
        "markupsafe": {
            "hashes": [
                "sha256:0212a68688482dc52b2d45013df70d169f542b7394fc744c02a57374a4207003",
                "sha256:089cf3dbf0cd6c100f02945abeb18484bd1ee57a079aefd52cffd17fba910b88",
                "sha256:10c1bfff05d95783da83491be968e8fe789263689c02724e0c691933c52994f5",
                "sha256:33b74d289bd2f5e527beadcaa3f401e0df0a89927c1559c8566c066fa4248ab7",
                "sha256:3799351e2336dc91ea70b034983ee71cf2f9533cdff7c14c90ea126bfd95d65a",
                "sha256:3ce11ee3f23f79dbd06fb3d63e2f6af7b12db1d46932fe7bd8afa259a5996603",
                "sha256:421be9fbf0ffe9ffd7a378aafebbf6f4602d564d34be190fc19a193232fd12b1",
                "sha256:43093fb83d8343aac0b1baa75516da6092f58f41200907ef92448ecab8825135",
                "sha256:46d00d6cfecdde84d40e572d63735ef81423ad31184100411e6e3388d405e247",
                "sha256:4a33dea2b688b3190ee12bd7cfa29d39c9ed176bda40bfa11099a3ce5d3a7ac6",
                "sha256:4b9fe39a2ccc108a4accc2676e77da025ce383c108593d65cc909add5c3bd601",
                "sha256:56442863ed2b06d19c37f94d999035e15ee982988920e12a5b4ba29b62ad1f77",
                "sha256:671cd1187ed5e62818414afe79ed29da836dde67166a9fac6d435873c44fdd02",
                "sha256:694deca8d702d5db21ec83983ce0bb4b26a578e71fbdbd4fdcd387daa90e4d5e",
                "sha256:6a074d34ee7a5ce3effbc526b7083ec9731bb3cbf921bbe1d3005d4d2bdb3a63",
                "sha256:6d0072fea50feec76a4c418096652f2c3238eaa014b2f94aeb1d56a66b41403f",
                "sha256:6fbf47b5d3728c6aea2abb0589b5d30459e369baa772e0f37a0320185e87c980",
                "sha256:7f91197cc9e48f989d12e4e6fbc46495c446636dfc81b9ccf50bb0ec74b91d4b",
                "sha256:86b1f75c4e7c2ac2ccdaec2b9022845dbb81880ca318bb7a0a01fbf7813e3812",
                "sha256:8dc1c72a69aa7e082593c4a203dcf94ddb74bb5c8a731e4e1eb68d031e8498ff",
                "sha256:8e3dcf21f367459434c18e71b2a9532d96547aef8a871872a5bd69a715c15f96",
                "sha256:8e576a51ad59e4bfaac456023a78f6b5e6e7651dcd383bcc3e18d06f9b55d6d1",
                "sha256:96e37a3dc86e80bf81758c152fe66dbf60ed5eca3d26305edf01892257049925",
                "sha256:97a68e6ada378df82bc9f16b800ab77cbf4b2fada0081794318520138c088e4a",
                "sha256:99a2a507ed3ac881b975a2976d59f38c19386d128e7a9a18b7df6fff1fd4c1d6",
                "sha256:a49907dd8420c5685cfa064a1335b6754b74541bbb3706c259c02ed65b644b3e",
                "sha256:b09bf97215625a311f669476f44b8b318b075847b49316d3e28c08e41a7a573f",
                "sha256:b7bd98b796e2b6553da7225aeb61f447f80a1ca64f41d83612e6139ca5213aa4",
                "sha256:b87db4360013327109564f0e591bd2a3b318547bcef31b468a92ee504d07ae4f",
                "sha256:bcb3ed405ed3222f9904899563d6fc492ff75cce56cba05e32eff40e6acbeaa3",
                "sha256:d4306c36ca495956b6d568d276ac11fdd9c30a36f1b6eb928070dc5360b22e1c",
                "sha256:d5ee4f386140395a2c818d149221149c54849dfcfcb9f1debfe07a8b8bd63f9a",
                "sha256:dda30ba7e87fbbb7eab1ec9f58678558fd9a6b8b853530e176eabd064da81417",
                "sha256:e04e26803c9c3851c931eac40c695602c6295b8d432cbe78609649ad9bd2da8a",
                "sha256:e1c0b87e09fa55a220f058d1d49d3fb8df88fbfab58558f1198e08c1e1de842a",
                "sha256:e72591e9ecd94d7feb70c1cbd7be7b3ebea3f548870aa91e2732960fa4d57a37",
                "sha256:e8c843bbcda3a2f1e3c2ab25913c80a3c5376cd00c6e8c4a86a89a28c8dc5452",
                "sha256:efc1913fd2ca4f334418481c7e595c00aad186563bbc1ec76067848c7ca0a933",
                "sha256:f121a1420d4e173a5d96e47e9a0c0dcff965afdf1626d28de1460815f7c4ee7a",
                "sha256:fc7b548b17d238737688817ab67deebb30e8073c95749d55538ed473130ec0c7"
            ],
            "markers": "python_version >= '3.7'",
            "version": "==2.1.1"
        },
        "numpy": {
            "hashes": [
                "sha256:07a8c89a04997625236c5ecb7afe35a02af3896c8aa01890a849913a2309c676",
                "sha256:08d9b008d0156c70dc392bb3ab3abb6e7a711383c3247b410b39962263576cd4",
                "sha256:201b4d0552831f7250a08d3b38de0d989d6f6e4658b709a02a73c524ccc6ffce",
                "sha256:2c10a93606e0b4b95c9b04b77dc349b398fdfbda382d2a39ba5a822f669a0123",
                "sha256:3ca688e1b9b95d80250bca34b11a05e389b1420d00e87a0d12dc45f131f704a1",
                "sha256:48a3aecd3b997bf452a2dedb11f4e79bc5bfd21a1d4cc760e703c31d57c84b3e",
                "sha256:568dfd16224abddafb1cbcce2ff14f522abe037268514dd7e42c6776a1c3f8e5",
                "sha256:5bfb1bb598e8229c2d5d48db1860bcf4311337864ea3efdbe1171fb0c5da515d",
                "sha256:639b54cdf6aa4f82fe37ebf70401bbb74b8508fddcf4797f9fe59615b8c5813a",
                "sha256:8251ed96f38b47b4295b1ae51631de7ffa8260b5b087808ef09a39a9d66c97ab",
                "sha256:92bfa69cfbdf7dfc3040978ad09a48091143cffb778ec3b03fa170c494118d75",
                "sha256:97098b95aa4e418529099c26558eeb8486e66bd1e53a6b606d684d0c3616b168",
                "sha256:a3bae1a2ed00e90b3ba5f7bd0a7c7999b55d609e0c54ceb2b076a25e345fa9f4",
                "sha256:c34ea7e9d13a70bf2ab64a2532fe149a9aced424cd05a2c4ba662fd989e3e45f",
                "sha256:dbc7601a3b7472d559dc7b933b18b4b66f9aa7452c120e87dfb33d02008c8a18",
                "sha256:e7927a589df200c5e23c57970bafbd0cd322459aa7b1ff73b7c2e84d6e3eae62",
                "sha256:f8c1f39caad2c896bc0018f699882b345b2a63708008be29b1f355ebf6f933fe",
                "sha256:f950f8845b480cffe522913d35567e29dd381b0dc7e4ce6a4a9f9156417d2430",
                "sha256:fade0d4f4d292b6f39951b6836d7a3c7ef5b2347f3c420cd9820a1d90d794802",
                "sha256:fdf3c08bce27132395d3c3ba1503cac12e17282358cb4bddc25cc46b0aca07aa"
            ],
            "index": "pypi",
            "version": "==1.22.3"
        },
        "python-decouple": {
            "hashes": [
                "sha256:2838cdf77a5cf127d7e8b339ce14c25bceb3af3e674e039d4901ba16359968c7",
                "sha256:6cf502dc963a5c642ea5ead069847df3d916a6420cad5599185de6bab11d8c2e"
            ],
            "index": "pypi",
            "version": "==3.6"
        },
        "python-dotenv": {
            "hashes": [
                "sha256:b7e3b04a59693c42c36f9ab1cc2acc46fa5df8c78e178fc33a8d4cd05c8d498f",
                "sha256:d92a187be61fe482e4fd675b6d52200e7be63a12b724abbf931a40ce4fa92938"
            ],
            "index": "pypi",
            "version": "==0.20.0"
        },
        "requests": {
            "hashes": [
                "sha256:68d7c56fd5a8999887728ef304a6d12edc7be74f1cfa47714fc8b414525c9a61",
                "sha256:f22fa1e554c9ddfd16e6e41ac79759e17be9e492b3587efa038054674760e72d"
            ],
            "index": "pypi",
            "version": "==2.27.1"
        },
        "transmission-rpc": {
            "hashes": [
                "sha256:be01516551683a301e77a3a60e7bb2085fbfa824cc4ceb6a35e5074ec6926ef9",
                "sha256:ef3a931fc1f1db74edf8660e475b9295e0904ee922030ef0e45b0c73f4be65ae"
            ],
            "index": "pypi",
            "version": "==3.3.0"
        },
        "typing-extensions": {
            "hashes": [
                "sha256:49f75d16ff11f1cd258e1b988ccff82a3ca5570217d7ad8c5f48205dd99a677e",
                "sha256:d8226d10bc02a29bcc81df19a26e56a9647f8b0a6d4a83924139f4a8b01f17b7",
                "sha256:f1d25edafde516b146ecd0613dabcc61409817af4766fbbcfb8d1ad4ec441a34"
            ],
            "version": "==3.10.0.2"
        },
        "urllib3": {
            "hashes": [
                "sha256:44ece4d53fb1706f667c9bd1c648f5469a2ec925fcf3a776667042d645472c14",
                "sha256:aabaf16477806a5e1dd19aa41f8c2b7950dd3c746362d7e3223dbe6de6ac448e"
            ],
            "markers": "python_version >= '2.7' and python_version not in '3.0, 3.1, 3.2, 3.3, 3.4' and python_full_version < '4.0.0'",
            "version": "==1.26.9"
        },
        "waitress": {
            "hashes": [
                "sha256:c549f5b2b4afd44d9d97d7cec79f3ef581e25d832827f415dc175327af674aa8",
                "sha256:e2e60576cf14a1539da79f7b7ee1e79a71e64f366a0b47db54a15e971f57bb16"
            ],
            "index": "pypi",
            "version": "==2.1.1"
        },
        "watchdog": {
            "hashes": [
                "sha256:03b43d583df0f18782a0431b6e9e9965c5b3f7cf8ec36a00b930def67942c385",
                "sha256:0908bb50f6f7de54d5d31ec3da1654cb7287c6b87bce371954561e6de379d690",
                "sha256:0b4a1fe6201c6e5a1926f5767b8664b45f0fcb429b62564a41f490ff1ce1dc7a",
                "sha256:177bae28ca723bc00846466016d34f8c1d6a621383b6caca86745918d55c7383",
                "sha256:19b36d436578eb437e029c6b838e732ed08054956366f6dd11875434a62d2b99",
                "sha256:1d1cf7dfd747dec519486a98ef16097e6c480934ef115b16f18adb341df747a4",
                "sha256:1e877c70245424b06c41ac258023ea4bd0c8e4ff15d7c1368f17cd0ae6e351dd",
                "sha256:340b875aecf4b0e6672076a6f05cfce6686935559bb6d34cebedee04126a9566",
                "sha256:351e09b6d9374d5bcb947e6ac47a608ec25b9d70583e9db00b2fcdb97b00b572",
                "sha256:3fd47815353be9c44eebc94cc28fe26b2b0c5bd889dafc4a5a7cbdf924143480",
                "sha256:49639865e3db4be032a96695c98ac09eed39bbb43fe876bb217da8f8101689a6",
                "sha256:4d0e98ac2e8dd803a56f4e10438b33a2d40390a72750cff4939b4b274e7906fa",
                "sha256:6e6ae29b72977f2e1ee3d0b760d7ee47896cb53e831cbeede3e64485e5633cc8",
                "sha256:7f14ce6adea2af1bba495acdde0e510aecaeb13b33f7bd2f6324e551b26688ca",
                "sha256:81982c7884aac75017a6ecc72f1a4fedbae04181a8665a34afce9539fc1b3fab",
                "sha256:81a5861d0158a7e55fe149335fb2bbfa6f48cbcbd149b52dbe2cd9a544034bbd",
                "sha256:ae934e34c11aa8296c18f70bf66ed60e9870fcdb4cc19129a04ca83ab23e7055",
                "sha256:b26e13e8008dcaea6a909e91d39b629a39635d1a8a7239dd35327c74f4388601",
                "sha256:b3750ee5399e6e9c69eae8b125092b871ee9e2fcbd657a92747aea28f9056a5c",
                "sha256:b61acffaf5cd5d664af555c0850f9747cc5f2baf71e54bbac164c58398d6ca7b",
                "sha256:b9777664848160449e5b4260e0b7bc1ae0f6f4992a8b285db4ec1ef119ffa0e2",
                "sha256:bdcbf75580bf4b960fb659bbccd00123d83119619195f42d721e002c1621602f",
                "sha256:d802d65262a560278cf1a65ef7cae4e2bc7ecfe19e5451349e4c67e23c9dc420",
                "sha256:ed6d9aad09a2a948572224663ab00f8975fae242aa540509737bb4507133fa2d"
            ],
            "index": "pypi",
            "version": "==2.1.7"
        },
        "werkzeug": {
            "hashes": [
                "sha256:1ce08e8093ed67d638d63879fd1ba3735817f7a80de3674d293f5984f25fb6e6",
                "sha256:72a4b735692dd3135217911cbeaa1be5fa3f62bffb8745c5215420a03dc55255"
            ],
            "markers": "python_version >= '3.7'",
            "version": "==2.1.2"
        },
        "zipp": {
            "hashes": [
                "sha256:56bf8aadb83c24db6c4b577e13de374ccfb67da2078beba1d037c17980bf43ad",
                "sha256:c4f6e5bbf48e74f7a38e7cc5b0480ff42b0ae5178957d564d18932525d5cf099"
            ],
            "markers": "python_version >= '3.7'",
            "version": "==3.8.0"
        }
    },
    "develop": {}
}
