{
    "_meta": {
        "hash": {
            "sha256": "25ba4ed05a2410516518bf847326c6b7081ca61e746ab06336760e781d103c63"
        },
        "pipfile-spec": 6,
        "requires": {
            "python_version": "3"
        },
        "sources": [
            {
                "name": "pypi",
                "url": "https://pypi.python.org/simple",
                "verify_ssl": true
            }
        ]
    },
    "default": {
        "argumentparser": {
            "hashes": [
                "sha256:f996cc1ca7b9f7cec470150bdcbaf66c712f4de0d029307c4b25ec9d1b1aee08"
            ],
            "index": "pypi",
            "version": "==1.2.1"
        },
        "cachetools": {
            "hashes": [
                "sha256:486471dfa8799eb7ec503a8059e263db000cdda20075ce5e48903087f79d5fd6",
                "sha256:8fecd4203a38af17928be7b90689d8083603073622229ca7077b72d8e5a976e4"
            ],
            "index": "pypi",
            "version": "==5.0.0"
        },
        "certifi": {
            "hashes": [
                "sha256:78884e7c1d4b00ce3cea67b44566851c4343c120abd683433ce934a68ea58872",
                "sha256:d62a0163eb4c2344ac042ab2bdf75399a71a2d8c7d47eac2e2ee91b9d6339569"
            ],
            "version": "==2021.10.8"
        },
        "charset-normalizer": {
            "hashes": [
                "sha256:2857e29ff0d34db842cd7ca3230549d1a697f96ee6d3fb071cfa6c7393832597",
                "sha256:6881edbebdb17b39b4eaaa821b438bf6eddffb4468cf344f09f89def34a8b1df"
            ],
            "markers": "python_version >= '3'",
            "version": "==2.0.12"
        },
        "click": {
            "hashes": [
                "sha256:24e1a4a9ec5bf6299411369b208c1df2188d9eb8d916302fe6bf03faed227f1e",
                "sha256:479707fe14d9ec9a0757618b7a100a0ae4c4e236fac5b7f80ca68028141a1a72"
            ],
            "markers": "python_version >= '3.7'",
            "version": "==8.1.2"
        },
        "coloredlogs": {
            "hashes": [
                "sha256:612ee75c546f53e92e70049c9dbfcc18c935a2b9a53b66085ce9ef6a6e5c0934",
                "sha256:7c991aa71a4577af2f82600d8f8f3a89f936baeaf9b50a9c197da014e5bf16b0"
            ],
            "index": "pypi",
            "version": "==15.0.1"
        },
        "flask": {
            "hashes": [
                "sha256:8a4cf32d904cf5621db9f0c9fbcd7efabf3003f22a04e4d0ce790c7137ec5264",
                "sha256:a8c9bd3e558ec99646d177a9739c41df1ded0629480b4c8d2975412f3c9519c8"
            ],
            "index": "pypi",
            "version": "==2.1.1"
        },
        "flask-login": {
            "hashes": [
                "sha256:5cb01ce4dc253967b6ac722a11e46de83b6272ef7a19cc7b5725ae636916d04d",
                "sha256:aa84fcfb4c3cf09ca58c08e816b7bce73f1349ba1cf13d00d8dffc5872d5fcf6"
            ],
            "index": "pypi",
            "version": "==0.6.0"
        },
        "humanfriendly": {
            "hashes": [
                "sha256:1697e1a8a8f550fd43c2865cd84542fc175a61dcb779b6fee18cf6b6ccba1477",
                "sha256:6b0b831ce8f15f7300721aa49829fc4e83921a9a301cc7f606be6686a2288ddc"
            ],
            "markers": "python_version >= '2.7' and python_version not in '3.0, 3.1, 3.2, 3.3, 3.4'",
            "version": "==10.0"
        },
        "idna": {
            "hashes": [
                "sha256:84d9dd047ffa80596e0f246e2eab0b391788b0503584e8945f2368256d2735ff",
                "sha256:9d643ff0a55b762d5cdb124b8eaa99c66322e2157b69160bc32796e824360e6d"
            ],
            "markers": "python_version >= '3'",
            "version": "==3.3"
        },
        "importlib-metadata": {
            "hashes": [
                "sha256:1208431ca90a8cca1a6b8af391bb53c1a2db74e5d1cef6ddced95d4b2062edc6",
                "sha256:ea4c597ebf37142f827b8f39299579e31685c31d3a438b59f469406afd0f2539"
            ],
            "markers": "python_version < '3.10'",
            "version": "==4.11.3"
        },
        "itsdangerous": {
            "hashes": [
                "sha256:2c2349112351b88699d8d4b6b075022c0808887cb7ad10069318a8b0bc88db44",
                "sha256:5dbbc68b317e5e42f327f9021763545dc3fc3bfe22e6deb96aaf1fc38874156a"
            ],
            "markers": "python_version >= '3.7'",
            "version": "==2.1.2"
        },
        "jinja2": {
            "hashes": [
                "sha256:539835f51a74a69f41b848a9645dbdc35b4f20a3b601e2d9a7e22947b15ff119",
                "sha256:640bed4bb501cbd17194b3cace1dc2126f5b619cf068a726b98192a0fde74ae9"
            ],
            "markers": "python_version >= '3.7'",
            "version": "==3.1.1"
        },
        "libtorrent": {
            "hashes": [
                "sha256:03f7303239cb21c8280df56f51dda47ca7b1a8ed563a0e413dcb1910d54765d1",
                "sha256:08ff3a9bc5eecd5b4596a5371d45f02cae91bbd96b3baf51a9957baee3e2b5a6",
                "sha256:1574f9bda2bad5ca02814a025ad8f015a1177c215de86b0f357d35fd100f15cc",
                "sha256:16a866489f6a32873aed16f456ae2d3bb1f097b798efaa2f6142ab0307fd3736",
                "sha256:189ceb69fe4466ceeb439460e8049bc1d195de132f9f934ba1b52a20557c7e22",
                "sha256:19a73a2a7a6010120f55902fe141c3f3ad74e2fc517df685f9aae899435a3d49",
                "sha256:1cd51bd5163259a4fde33475ed2cab27a3372b4ecfabf4e04f08e1e971b0d788",
                "sha256:27584f5ef2e1d57b006d6e7d7ef5d99c14330c9c9aeacf99f9b3623b3d5cdba9",
                "sha256:2e47a693d89ab74a76eb21b2574820eb87cb88f95914834c2be2f56c1be730bf",
                "sha256:366b9d8d9b9fe81a973717ba59238c78af50316d873e6add93ce91606d56f7ae",
                "sha256:424b58fd9189f5c134fb9053565c38518f40bfb03e16ee152690085fea63a197",
                "sha256:4f37952828030989640fe17fa175f667c4cdab7bb6ee44717e86941f83b9b9fc",
                "sha256:574005a8168d33eac33b0b1956baf7eb8103e942382c8d455623a3c47c3e9213",
                "sha256:684ed646cc878a1e1dcd537f6e4ca168ace247fcdf7cd8e3c4d6a14178fd0818",
                "sha256:6c03c60223b9b38582f5f1fe40c6d7eddefd74a6c9d034a962e973747085690e",
                "sha256:93f136362e5087f60a2010eba3f1a329976ce319d2be87486184c4f7cd367d29",
                "sha256:9d04a3260ec186d402fc7d5b744b99f4eb04d56513113c0837fbb66b1d9fc965",
                "sha256:9e81988802264a0c46b22715ae80e46826f5554836bf9f1ae05d4a8e864bcafb",
                "sha256:a6660238f5564b35323a62d82a71ea38470579c5a89af2e66535e8553a34dcca",
                "sha256:c31e89f9209d4e74c86994d7cd032b867e8ba24f8de9a8a717febbea93e0d237",
                "sha256:c441a98605855a2ebbb0bc125c3e9798030b90613b8ff9aaa0d7cf44a692c316",
                "sha256:d4eccbcdeb5cc94898465c1d11f8104ab1a38530cea1b43ed43ac22852b09660",
                "sha256:d9f3226a9dfc8f382a609914fb9836e596b91ebb9566d18f53c8c021053ab225",
                "sha256:dc4b5bc27ff2261bb53a721f4f88f7311b2aa0decaa2c5a172f8f6d6cae9143f",
                "sha256:e66e47026f85a135f2144935b6e3f114084dd96b9413f5274080c109bad7d2ea",
                "sha256:ed0cd153ff34f62d2a57f0fdb215d6bb1dece14bd9b60769cd31d42e24441285",
                "sha256:f618a3e23ecc8c1ca738283d16731ccb09f038aa904757af956ec83d267e0d15",
                "sha256:f8404d4ae21833ab3c541c3696850b7cf9317ff2bfe0a821571c64893f757a49"
            ],
            "index": "pypi",
            "version": "==2.0.5"
        },
        "markupsafe": {
            "hashes": [
                "sha256:0212a68688482dc52b2d45013df70d169f542b7394fc744c02a57374a4207003",
                "sha256:089cf3dbf0cd6c100f02945abeb18484bd1ee57a079aefd52cffd17fba910b88",
                "sha256:10c1bfff05d95783da83491be968e8fe789263689c02724e0c691933c52994f5",
                "sha256:33b74d289bd2f5e527beadcaa3f401e0df0a89927c1559c8566c066fa4248ab7",
                "sha256:3799351e2336dc91ea70b034983ee71cf2f9533cdff7c14c90ea126bfd95d65a",
                "sha256:3ce11ee3f23f79dbd06fb3d63e2f6af7b12db1d46932fe7bd8afa259a5996603",
                "sha256:421be9fbf0ffe9ffd7a378aafebbf6f4602d564d34be190fc19a193232fd12b1",
                "sha256:43093fb83d8343aac0b1baa75516da6092f58f41200907ef92448ecab8825135",
                "sha256:46d00d6cfecdde84d40e572d63735ef81423ad31184100411e6e3388d405e247",
                "sha256:4a33dea2b688b3190ee12bd7cfa29d39c9ed176bda40bfa11099a3ce5d3a7ac6",
                "sha256:4b9fe39a2ccc108a4accc2676e77da025ce383c108593d65cc909add5c3bd601",
                "sha256:56442863ed2b06d19c37f94d999035e15ee982988920e12a5b4ba29b62ad1f77",
                "sha256:671cd1187ed5e62818414afe79ed29da836dde67166a9fac6d435873c44fdd02",
                "sha256:694deca8d702d5db21ec83983ce0bb4b26a578e71fbdbd4fdcd387daa90e4d5e",
                "sha256:6a074d34ee7a5ce3effbc526b7083ec9731bb3cbf921bbe1d3005d4d2bdb3a63",
                "sha256:6d0072fea50feec76a4c418096652f2c3238eaa014b2f94aeb1d56a66b41403f",
                "sha256:6fbf47b5d3728c6aea2abb0589b5d30459e369baa772e0f37a0320185e87c980",
                "sha256:7f91197cc9e48f989d12e4e6fbc46495c446636dfc81b9ccf50bb0ec74b91d4b",
                "sha256:86b1f75c4e7c2ac2ccdaec2b9022845dbb81880ca318bb7a0a01fbf7813e3812",
                "sha256:8dc1c72a69aa7e082593c4a203dcf94ddb74bb5c8a731e4e1eb68d031e8498ff",
                "sha256:8e3dcf21f367459434c18e71b2a9532d96547aef8a871872a5bd69a715c15f96",
                "sha256:8e576a51ad59e4bfaac456023a78f6b5e6e7651dcd383bcc3e18d06f9b55d6d1",
                "sha256:96e37a3dc86e80bf81758c152fe66dbf60ed5eca3d26305edf01892257049925",
                "sha256:97a68e6ada378df82bc9f16b800ab77cbf4b2fada0081794318520138c088e4a",
                "sha256:99a2a507ed3ac881b975a2976d59f38c19386d128e7a9a18b7df6fff1fd4c1d6",
                "sha256:a49907dd8420c5685cfa064a1335b6754b74541bbb3706c259c02ed65b644b3e",
                "sha256:b09bf97215625a311f669476f44b8b318b075847b49316d3e28c08e41a7a573f",
                "sha256:b7bd98b796e2b6553da7225aeb61f447f80a1ca64f41d83612e6139ca5213aa4",
                "sha256:b87db4360013327109564f0e591bd2a3b318547bcef31b468a92ee504d07ae4f",
                "sha256:bcb3ed405ed3222f9904899563d6fc492ff75cce56cba05e32eff40e6acbeaa3",
                "sha256:d4306c36ca495956b6d568d276ac11fdd9c30a36f1b6eb928070dc5360b22e1c",
                "sha256:d5ee4f386140395a2c818d149221149c54849dfcfcb9f1debfe07a8b8bd63f9a",
                "sha256:dda30ba7e87fbbb7eab1ec9f58678558fd9a6b8b853530e176eabd064da81417",
                "sha256:e04e26803c9c3851c931eac40c695602c6295b8d432cbe78609649ad9bd2da8a",
                "sha256:e1c0b87e09fa55a220f058d1d49d3fb8df88fbfab58558f1198e08c1e1de842a",
                "sha256:e72591e9ecd94d7feb70c1cbd7be7b3ebea3f548870aa91e2732960fa4d57a37",
                "sha256:e8c843bbcda3a2f1e3c2ab25913c80a3c5376cd00c6e8c4a86a89a28c8dc5452",
                "sha256:efc1913fd2ca4f334418481c7e595c00aad186563bbc1ec76067848c7ca0a933",
                "sha256:f121a1420d4e173a5d96e47e9a0c0dcff965afdf1626d28de1460815f7c4ee7a",
                "sha256:fc7b548b17d238737688817ab67deebb30e8073c95749d55538ed473130ec0c7"
            ],
            "markers": "python_version >= '3.7'",
            "version": "==2.1.1"
        },
        "numpy": {
            "hashes": [
                "sha256:07a8c89a04997625236c5ecb7afe35a02af3896c8aa01890a849913a2309c676",
                "sha256:08d9b008d0156c70dc392bb3ab3abb6e7a711383c3247b410b39962263576cd4",
                "sha256:201b4d0552831f7250a08d3b38de0d989d6f6e4658b709a02a73c524ccc6ffce",
                "sha256:2c10a93606e0b4b95c9b04b77dc349b398fdfbda382d2a39ba5a822f669a0123",
                "sha256:3ca688e1b9b95d80250bca34b11a05e389b1420d00e87a0d12dc45f131f704a1",
                "sha256:48a3aecd3b997bf452a2dedb11f4e79bc5bfd21a1d4cc760e703c31d57c84b3e",
                "sha256:568dfd16224abddafb1cbcce2ff14f522abe037268514dd7e42c6776a1c3f8e5",
                "sha256:5bfb1bb598e8229c2d5d48db1860bcf4311337864ea3efdbe1171fb0c5da515d",
                "sha256:639b54cdf6aa4f82fe37ebf70401bbb74b8508fddcf4797f9fe59615b8c5813a",
                "sha256:8251ed96f38b47b4295b1ae51631de7ffa8260b5b087808ef09a39a9d66c97ab",
                "sha256:92bfa69cfbdf7dfc3040978ad09a48091143cffb778ec3b03fa170c494118d75",
                "sha256:97098b95aa4e418529099c26558eeb8486e66bd1e53a6b606d684d0c3616b168",
                "sha256:a3bae1a2ed00e90b3ba5f7bd0a7c7999b55d609e0c54ceb2b076a25e345fa9f4",
                "sha256:c34ea7e9d13a70bf2ab64a2532fe149a9aced424cd05a2c4ba662fd989e3e45f",
                "sha256:dbc7601a3b7472d559dc7b933b18b4b66f9aa7452c120e87dfb33d02008c8a18",
                "sha256:e7927a589df200c5e23c57970bafbd0cd322459aa7b1ff73b7c2e84d6e3eae62",
                "sha256:f8c1f39caad2c896bc0018f699882b345b2a63708008be29b1f355ebf6f933fe",
                "sha256:f950f8845b480cffe522913d35567e29dd381b0dc7e4ce6a4a9f9156417d2430",
                "sha256:fade0d4f4d292b6f39951b6836d7a3c7ef5b2347f3c420cd9820a1d90d794802",
                "sha256:fdf3c08bce27132395d3c3ba1503cac12e17282358cb4bddc25cc46b0aca07aa"
            ],
            "index": "pypi",
            "version": "==1.22.3"
        },
        "python-decouple": {
            "hashes": [
                "sha256:2838cdf77a5cf127d7e8b339ce14c25bceb3af3e674e039d4901ba16359968c7",
                "sha256:6cf502dc963a5c642ea5ead069847df3d916a6420cad5599185de6bab11d8c2e"
            ],
            "index": "pypi",
            "version": "==3.6"
        },
        "python-dotenv": {
            "hashes": [
                "sha256:b7e3b04a59693c42c36f9ab1cc2acc46fa5df8c78e178fc33a8d4cd05c8d498f",
                "sha256:d92a187be61fe482e4fd675b6d52200e7be63a12b724abbf931a40ce4fa92938"
            ],
            "index": "pypi",
            "version": "==0.20.0"
        },
        "requests": {
            "hashes": [
                "sha256:68d7c56fd5a8999887728ef304a6d12edc7be74f1cfa47714fc8b414525c9a61",
                "sha256:f22fa1e554c9ddfd16e6e41ac79759e17be9e492b3587efa038054674760e72d"
            ],
            "index": "pypi",
            "version": "==2.27.1"
        },
        "transmission-rpc": {
            "hashes": [
                "sha256:be01516551683a301e77a3a60e7bb2085fbfa824cc4ceb6a35e5074ec6926ef9",
                "sha256:ef3a931fc1f1db74edf8660e475b9295e0904ee922030ef0e45b0c73f4be65ae"
            ],
            "index": "pypi",
            "version": "==3.3.0"
        },
        "typing-extensions": {
            "hashes": [
                "sha256:49f75d16ff11f1cd258e1b988ccff82a3ca5570217d7ad8c5f48205dd99a677e",
                "sha256:d8226d10bc02a29bcc81df19a26e56a9647f8b0a6d4a83924139f4a8b01f17b7",
                "sha256:f1d25edafde516b146ecd0613dabcc61409817af4766fbbcfb8d1ad4ec441a34"
            ],
            "version": "==3.10.0.2"
        },
        "urllib3": {
            "hashes": [
                "sha256:44ece4d53fb1706f667c9bd1c648f5469a2ec925fcf3a776667042d645472c14",
                "sha256:aabaf16477806a5e1dd19aa41f8c2b7950dd3c746362d7e3223dbe6de6ac448e"
            ],
            "markers": "python_version >= '2.7' and python_version not in '3.0, 3.1, 3.2, 3.3, 3.4' and python_version < '4'",
            "version": "==1.26.9"
        },
        "waitress": {
            "hashes": [
                "sha256:c549f5b2b4afd44d9d97d7cec79f3ef581e25d832827f415dc175327af674aa8",
                "sha256:e2e60576cf14a1539da79f7b7ee1e79a71e64f366a0b47db54a15e971f57bb16"
            ],
            "index": "pypi",
            "version": "==2.1.1"
        },
        "watchdog": {
            "hashes": [
                "sha256:03b43d583df0f18782a0431b6e9e9965c5b3f7cf8ec36a00b930def67942c385",
                "sha256:0908bb50f6f7de54d5d31ec3da1654cb7287c6b87bce371954561e6de379d690",
                "sha256:0b4a1fe6201c6e5a1926f5767b8664b45f0fcb429b62564a41f490ff1ce1dc7a",
                "sha256:177bae28ca723bc00846466016d34f8c1d6a621383b6caca86745918d55c7383",
                "sha256:19b36d436578eb437e029c6b838e732ed08054956366f6dd11875434a62d2b99",
                "sha256:1d1cf7dfd747dec519486a98ef16097e6c480934ef115b16f18adb341df747a4",
                "sha256:1e877c70245424b06c41ac258023ea4bd0c8e4ff15d7c1368f17cd0ae6e351dd",
                "sha256:340b875aecf4b0e6672076a6f05cfce6686935559bb6d34cebedee04126a9566",
                "sha256:351e09b6d9374d5bcb947e6ac47a608ec25b9d70583e9db00b2fcdb97b00b572",
                "sha256:3fd47815353be9c44eebc94cc28fe26b2b0c5bd889dafc4a5a7cbdf924143480",
                "sha256:49639865e3db4be032a96695c98ac09eed39bbb43fe876bb217da8f8101689a6",
                "sha256:4d0e98ac2e8dd803a56f4e10438b33a2d40390a72750cff4939b4b274e7906fa",
                "sha256:6e6ae29b72977f2e1ee3d0b760d7ee47896cb53e831cbeede3e64485e5633cc8",
                "sha256:7f14ce6adea2af1bba495acdde0e510aecaeb13b33f7bd2f6324e551b26688ca",
                "sha256:81982c7884aac75017a6ecc72f1a4fedbae04181a8665a34afce9539fc1b3fab",
                "sha256:81a5861d0158a7e55fe149335fb2bbfa6f48cbcbd149b52dbe2cd9a544034bbd",
                "sha256:ae934e34c11aa8296c18f70bf66ed60e9870fcdb4cc19129a04ca83ab23e7055",
                "sha256:b26e13e8008dcaea6a909e91d39b629a39635d1a8a7239dd35327c74f4388601",
                "sha256:b3750ee5399e6e9c69eae8b125092b871ee9e2fcbd657a92747aea28f9056a5c",
                "sha256:b61acffaf5cd5d664af555c0850f9747cc5f2baf71e54bbac164c58398d6ca7b",
                "sha256:b9777664848160449e5b4260e0b7bc1ae0f6f4992a8b285db4ec1ef119ffa0e2",
                "sha256:bdcbf75580bf4b960fb659bbccd00123d83119619195f42d721e002c1621602f",
                "sha256:d802d65262a560278cf1a65ef7cae4e2bc7ecfe19e5451349e4c67e23c9dc420",
                "sha256:ed6d9aad09a2a948572224663ab00f8975fae242aa540509737bb4507133fa2d"
            ],
            "index": "pypi",
            "version": "==2.1.7"
        },
        "werkzeug": {
            "hashes": [
                "sha256:3c5493ece8268fecdcdc9c0b112211acd006354723b280d643ec732b6d4063d6",
                "sha256:f8e89a20aeabbe8a893c24a461d3ee5dad2123b05cc6abd73ceed01d39c3ae74"
            ],
            "markers": "python_version >= '3.7'",
            "version": "==2.1.1"
        },
        "zipp": {
            "hashes": [
                "sha256:56bf8aadb83c24db6c4b577e13de374ccfb67da2078beba1d037c17980bf43ad",
                "sha256:c4f6e5bbf48e74f7a38e7cc5b0480ff42b0ae5178957d564d18932525d5cf099"
            ],
            "markers": "python_version >= '3.7'",
            "version": "==3.8.0"
        }
    },
    "develop": {}
}
