{
    "_meta": {
        "hash": {
            "sha256": "d628bb6f588cf2f9bb5c7cfaa1e7d4636b2cb4b6c311bb57e06e297256c434d0"
        },
        "pipfile-spec": 6,
        "requires": {
            "python_version": "3.10"
        },
        "sources": [
            {
                "name": "pypi",
                "url": "https://pypi.python.org/simple",
                "verify_ssl": true
            }
        ]
    },
    "default": {
        "argumentparser": {
            "hashes": [
                "sha256:f996cc1ca7b9f7cec470150bdcbaf66c712f4de0d029307c4b25ec9d1b1aee08"
            ],
            "index": "pypi",
            "version": "==1.2.1"
        },
        "cachetools": {
            "hashes": [
                "sha256:4ebbd38701cdfd3603d1f751d851ed248ab4570929f2d8a7ce69e30c420b141c",
                "sha256:8b3b8fa53f564762e5b221e9896798951e7f915513abf2ba072ce0f07f3f5a98"
            ],
            "index": "pypi",
            "version": "==5.1.0"
        },
        "certifi": {
            "hashes": [
                "sha256:35824b4c3a97115964b408844d64aa14db1cc518f6562e8d7261699d1350a9e3",
                "sha256:4ad3232f5e926d6718ec31cfc1fcadfde020920e278684144551c91769c7bc18"
            ],
            "markers": "python_version >= '3.6'",
            "version": "==2022.12.7"
        },
        "charset-normalizer": {
            "hashes": [
                "sha256:2857e29ff0d34db842cd7ca3230549d1a697f96ee6d3fb071cfa6c7393832597",
                "sha256:6881edbebdb17b39b4eaaa821b438bf6eddffb4468cf344f09f89def34a8b1df"
            ],
            "markers": "python_version >= '3'",
            "version": "==2.0.12"
        },
        "click": {
            "hashes": [
                "sha256:7682dc8afb30297001674575ea00d1814d808d6a36af415a82bd481d37ba7b8e",
                "sha256:bb4d8133cb15a609f44e8213d9b391b0809795062913b383c62be0ee95b1db48"
            ],
            "markers": "python_version >= '3.7'",
            "version": "==8.1.3"
        },
        "coloredlogs": {
            "hashes": [
                "sha256:612ee75c546f53e92e70049c9dbfcc18c935a2b9a53b66085ce9ef6a6e5c0934",
                "sha256:7c991aa71a4577af2f82600d8f8f3a89f936baeaf9b50a9c197da014e5bf16b0"
            ],
            "index": "pypi",
            "version": "==15.0.1"
        },
        "flask": {
            "hashes": [
                "sha256:315ded2ddf8a6281567edb27393010fe3406188bafbfe65a3339d5787d89e477",
                "sha256:fad5b446feb0d6db6aec0c3184d16a8c1f6c3e464b511649c8918a9be100b4fe"
            ],
            "index": "pypi",
            "version": "==2.1.2"
        },
        "flask-login": {
            "hashes": [
                "sha256:1306d474a270a036d6fd14f45640c4d77355e4f1c67ca4331b372d3448997b8c",
                "sha256:b9a4287a2d0067a7a482a23e40075e0d670f371974633fe890222dece4e02a74"
            ],
            "index": "pypi",
            "version": "==0.6.1"
        },
        "humanfriendly": {
            "hashes": [
                "sha256:1697e1a8a8f550fd43c2865cd84542fc175a61dcb779b6fee18cf6b6ccba1477",
                "sha256:6b0b831ce8f15f7300721aa49829fc4e83921a9a301cc7f606be6686a2288ddc"
            ],
            "markers": "python_version >= '2.7' and python_version not in '3.0, 3.1, 3.2, 3.3, 3.4'",
            "version": "==10.0"
        },
        "idna": {
            "hashes": [
                "sha256:814f528e8dead7d329833b91c5faa87d60bf71824cd12a7530b5526063d02cb4",
                "sha256:90b77e79eaa3eba6de819a0c442c0b4ceefc341a7a2ab77d7562bf49f425c5c2"
            ],
            "markers": "python_version >= '3'",
            "version": "==3.4"
        },
        "itsdangerous": {
            "hashes": [
                "sha256:2c2349112351b88699d8d4b6b075022c0808887cb7ad10069318a8b0bc88db44",
                "sha256:5dbbc68b317e5e42f327f9021763545dc3fc3bfe22e6deb96aaf1fc38874156a"
            ],
            "markers": "python_version >= '3.7'",
            "version": "==2.1.2"
        },
        "jinja2": {
            "hashes": [
                "sha256:31351a702a408a9e7595a8fc6150fc3f43bb6bf7e319770cbc0db9df9437e852",
                "sha256:6088930bfe239f0e6710546ab9c19c9ef35e29792895fed6e6e31a023a182a61"
            ],
            "markers": "python_version >= '3.7'",
            "version": "==3.1.2"
        },
        "libtorrent": {
            "hashes": [
                "sha256:00f6e8788c13fe8bbfe92829954a745800222a1519ff54207eec98d1f49a3faf",
                "sha256:01dbb3c2bf6cd8a8dfa97bd35599965266aedd126304817063e4816b50560ad7",
                "sha256:16ab5f321d17ca7591b54bc59096a571771ca308c85f73a8d8ce109c52b88db8",
                "sha256:2c977970bbb45685ad522744258bceca237658b6b77b9ad86f6cb53c1ad52f4b",
                "sha256:33bc0b459d4cb9d9f2892d6fa89146f18f86866f9209e2e5502e4119a2e537ad",
                "sha256:484933ae2ff43ac5dc5ad72624e766bd4cdf4814f7e4ff2521c2fc02cda0228f",
                "sha256:4a2904eddbb90c49e3b9cd7e8b7e7f208bce0c91c8c7613ddec1f672b64adb22",
                "sha256:4b016896a3c4be5a785f718a597db2faeb32b7df1f608d93cd6845e33ef9b71e",
                "sha256:4cf41359fe6fddfba4e1e76f39e48e7ea8392f7c1fe8f924b66ac621db348665",
                "sha256:4f03aa7ef3269f7abc631bf0f00dcd4217448c09997f335c35262a09ed426587",
                "sha256:5014fbe197756389629410d3c35a2dc8ab01981850d24d9ed2b52e1f9480ac20",
                "sha256:6aaec88c2f2b823fba7be7868155c63c3fa5cd651d941c21fc6a48ccdfd0e09f",
                "sha256:6cf0c766b45d007cec1a47c7d46c0af1715caed4dcca887b018cf2877aeeb928",
                "sha256:8532ffd603133c07ac95abb7a3c4f80276f93c3d4d2abba0f81e240c356184c1",
                "sha256:97c8a6775b04fa3abbe3ca974375762f8a6f90be0a806a4f59e87b47b183cc0e",
                "sha256:a29fb8fbcd7c7c8937296ee50a16beb11d87b8c990a35b0d437adf32f648fbd9",
                "sha256:aca73adef48034e68483e2b4934e79a9ad70a89cdc8ba49249010c9cd49ad3af",
                "sha256:b56e122dd4092f25a68d0576273a4703d55aea85dfdae9601dc0cb7abc14a4af",
                "sha256:b884fdf9a5d37bc863f2e9918797fc4ebf1271e9ab475ff9101bf52fb1364ff2",
                "sha256:c2562da934ebd2ef7a8521820c108044e31c494c1c0a53751839aabbb6f0ebff",
                "sha256:cccdec26898b6ec853843b706f9b7ddf334ede4f9d0c34ea1cc97b9735dd928d",
                "sha256:da5d2c800ff96301cd6647fdd731ba63889fd786daaaea12ef1a0c625242e6df",
                "sha256:dd3cbadc2f04a87a86060e7bd45a6ea2e6ac30583575249c6851a7e67d47c2de",
                "sha256:e06e3864f7349d0f10358b3da8754c7874f66e0e0b896dff34f8b7fd629e4046",
                "sha256:e089de94bed6f6f747c7d83928d2bb2af00c5fc035c7b4cbde4345960eb5d451",
                "sha256:eba4131dc74ae9496a722aafb2633a437fb7e3de1c84fb169a49a21c71d299b0",
                "sha256:ec6f8853bc6c64eaa5b34b2d5eb8b11f1c93b76255b9543678afbc025f3e27bf",
                "sha256:fe2167345dc78f16b111bbeed2be9f65db3120e1ca4237d716b7e1400558a2df"
            ],
            "index": "pypi",
            "version": "==2.0.6"
        },
        "markupsafe": {
            "hashes": [
                "sha256:00e046b6dd71aa03a41079792f8473dc494d564611a8f89bbbd7cb93295ebdcf",
                "sha256:075202fa5b72c86ad32dc7d0b56024ebdbcf2048c0ba09f1cde31bfdd57bcfff",
                "sha256:0e397ac966fdf721b2c528cf028494e86172b4feba51d65f81ffd65c63798f3f",
                "sha256:17b950fccb810b3293638215058e432159d2b71005c74371d784862b7e4683f3",
                "sha256:1f3fbcb7ef1f16e48246f704ab79d79da8a46891e2da03f8783a5b6fa41a9532",
                "sha256:2174c595a0d73a3080ca3257b40096db99799265e1c27cc5a610743acd86d62f",
                "sha256:2b7c57a4dfc4f16f7142221afe5ba4e093e09e728ca65c51f5620c9aaeb9a617",
                "sha256:2d2d793e36e230fd32babe143b04cec8a8b3eb8a3122d2aceb4a371e6b09b8df",
                "sha256:30b600cf0a7ac9234b2638fbc0fb6158ba5bdcdf46aeb631ead21248b9affbc4",
                "sha256:397081c1a0bfb5124355710fe79478cdbeb39626492b15d399526ae53422b906",
                "sha256:3a57fdd7ce31c7ff06cdfbf31dafa96cc533c21e443d57f5b1ecc6cdc668ec7f",
                "sha256:3c6b973f22eb18a789b1460b4b91bf04ae3f0c4234a0a6aa6b0a92f6f7b951d4",
                "sha256:3e53af139f8579a6d5f7b76549125f0d94d7e630761a2111bc431fd820e163b8",
                "sha256:4096e9de5c6fdf43fb4f04c26fb114f61ef0bf2e5604b6ee3019d51b69e8c371",
                "sha256:4275d846e41ecefa46e2015117a9f491e57a71ddd59bbead77e904dc02b1bed2",
                "sha256:4c31f53cdae6ecfa91a77820e8b151dba54ab528ba65dfd235c80b086d68a465",
                "sha256:4f11aa001c540f62c6166c7726f71f7573b52c68c31f014c25cc7901deea0b52",
                "sha256:5049256f536511ee3f7e1b3f87d1d1209d327e818e6ae1365e8653d7e3abb6a6",
                "sha256:58c98fee265677f63a4385256a6d7683ab1832f3ddd1e66fe948d5880c21a169",
                "sha256:598e3276b64aff0e7b3451b72e94fa3c238d452e7ddcd893c3ab324717456bad",
                "sha256:5b7b716f97b52c5a14bffdf688f971b2d5ef4029127f1ad7a513973cfd818df2",
                "sha256:5dedb4db619ba5a2787a94d877bc8ffc0566f92a01c0ef214865e54ecc9ee5e0",
                "sha256:619bc166c4f2de5caa5a633b8b7326fbe98e0ccbfacabd87268a2b15ff73a029",
                "sha256:629ddd2ca402ae6dbedfceeba9c46d5f7b2a61d9749597d4307f943ef198fc1f",
                "sha256:656f7526c69fac7f600bd1f400991cc282b417d17539a1b228617081106feb4a",
                "sha256:6ec585f69cec0aa07d945b20805be741395e28ac1627333b1c5b0105962ffced",
                "sha256:72b6be590cc35924b02c78ef34b467da4ba07e4e0f0454a2c5907f473fc50ce5",
                "sha256:7502934a33b54030eaf1194c21c692a534196063db72176b0c4028e140f8f32c",
                "sha256:7a68b554d356a91cce1236aa7682dc01df0edba8d043fd1ce607c49dd3c1edcf",
                "sha256:7b2e5a267c855eea6b4283940daa6e88a285f5f2a67f2220203786dfa59b37e9",
                "sha256:823b65d8706e32ad2df51ed89496147a42a2a6e01c13cfb6ffb8b1e92bc910bb",
                "sha256:8590b4ae07a35970728874632fed7bd57b26b0102df2d2b233b6d9d82f6c62ad",
                "sha256:8dd717634f5a044f860435c1d8c16a270ddf0ef8588d4887037c5028b859b0c3",
                "sha256:8dec4936e9c3100156f8a2dc89c4b88d5c435175ff03413b443469c7c8c5f4d1",
                "sha256:97cafb1f3cbcd3fd2b6fbfb99ae11cdb14deea0736fc2b0952ee177f2b813a46",
                "sha256:a17a92de5231666cfbe003f0e4b9b3a7ae3afb1ec2845aadc2bacc93ff85febc",
                "sha256:a549b9c31bec33820e885335b451286e2969a2d9e24879f83fe904a5ce59d70a",
                "sha256:ac07bad82163452a6884fe8fa0963fb98c2346ba78d779ec06bd7a6262132aee",
                "sha256:ae2ad8ae6ebee9d2d94b17fb62763125f3f374c25618198f40cbb8b525411900",
                "sha256:b91c037585eba9095565a3556f611e3cbfaa42ca1e865f7b8015fe5c7336d5a5",
                "sha256:bc1667f8b83f48511b94671e0e441401371dfd0f0a795c7daa4a3cd1dde55bea",
                "sha256:bec0a414d016ac1a18862a519e54b2fd0fc8bbfd6890376898a6c0891dd82e9f",
                "sha256:bf50cd79a75d181c9181df03572cdce0fbb75cc353bc350712073108cba98de5",
                "sha256:bff1b4290a66b490a2f4719358c0cdcd9bafb6b8f061e45c7a2460866bf50c2e",
                "sha256:c061bb86a71b42465156a3ee7bd58c8c2ceacdbeb95d05a99893e08b8467359a",
                "sha256:c8b29db45f8fe46ad280a7294f5c3ec36dbac9491f2d1c17345be8e69cc5928f",
                "sha256:ce409136744f6521e39fd8e2a24c53fa18ad67aa5bc7c2cf83645cce5b5c4e50",
                "sha256:d050b3361367a06d752db6ead6e7edeb0009be66bc3bae0ee9d97fb326badc2a",
                "sha256:d283d37a890ba4c1ae73ffadf8046435c76e7bc2247bbb63c00bd1a709c6544b",
                "sha256:d9fad5155d72433c921b782e58892377c44bd6252b5af2f67f16b194987338a4",
                "sha256:daa4ee5a243f0f20d528d939d06670a298dd39b1ad5f8a72a4275124a7819eff",
                "sha256:db0b55e0f3cc0be60c1f19efdde9a637c32740486004f20d1cff53c3c0ece4d2",
                "sha256:e61659ba32cf2cf1481e575d0462554625196a1f2fc06a1c777d3f48e8865d46",
                "sha256:ea3d8a3d18833cf4304cd2fc9cbb1efe188ca9b5efef2bdac7adc20594a0e46b",
                "sha256:ec6a563cff360b50eed26f13adc43e61bc0c04d94b8be985e6fb24b81f6dcfdf",
                "sha256:f5dfb42c4604dddc8e4305050aa6deb084540643ed5804d7455b5df8fe16f5e5",
                "sha256:fa173ec60341d6bb97a89f5ea19c85c5643c1e7dedebc22f5181eb73573142c5",
                "sha256:fa9db3f79de01457b03d4f01b34cf91bc0048eb2c3846ff26f66687c2f6d16ab",
                "sha256:fce659a462a1be54d2ffcacea5e3ba2d74daa74f30f5f143fe0c58636e355fdd",
                "sha256:ffee1f21e5ef0d712f9033568f8344d5da8cc2869dbd08d87c84656e6a2d2f68"
            ],
            "markers": "python_version >= '3.7'",
            "version": "==2.1.5"
        },
        "python-decouple": {
            "hashes": [
                "sha256:2838cdf77a5cf127d7e8b339ce14c25bceb3af3e674e039d4901ba16359968c7",
                "sha256:6cf502dc963a5c642ea5ead069847df3d916a6420cad5599185de6bab11d8c2e"
            ],
            "index": "pypi",
            "version": "==3.6"
        },
        "python-dotenv": {
            "hashes": [
                "sha256:b7e3b04a59693c42c36f9ab1cc2acc46fa5df8c78e178fc33a8d4cd05c8d498f",
                "sha256:d92a187be61fe482e4fd675b6d52200e7be63a12b724abbf931a40ce4fa92938"
            ],
            "index": "pypi",
            "version": "==0.20.0"
        },
        "requests": {
            "hashes": [
                "sha256:68d7c56fd5a8999887728ef304a6d12edc7be74f1cfa47714fc8b414525c9a61",
                "sha256:f22fa1e554c9ddfd16e6e41ac79759e17be9e492b3587efa038054674760e72d"
            ],
            "index": "pypi",
            "version": "==2.27.1"
        },
        "transmission-rpc": {
            "hashes": [
                "sha256:be01516551683a301e77a3a60e7bb2085fbfa824cc4ceb6a35e5074ec6926ef9",
                "sha256:ef3a931fc1f1db74edf8660e475b9295e0904ee922030ef0e45b0c73f4be65ae"
            ],
            "index": "pypi",
            "version": "==3.3.0"
        },
        "typing-extensions": {
            "hashes": [
                "sha256:49f75d16ff11f1cd258e1b988ccff82a3ca5570217d7ad8c5f48205dd99a677e",
                "sha256:d8226d10bc02a29bcc81df19a26e56a9647f8b0a6d4a83924139f4a8b01f17b7",
                "sha256:f1d25edafde516b146ecd0613dabcc61409817af4766fbbcfb8d1ad4ec441a34"
            ],
            "version": "==3.10.0.2"
        },
        "urllib3": {
            "hashes": [
                "sha256:076907bf8fd355cde77728471316625a4d2f7e713c125f51953bb5b3eecf4f72",
                "sha256:75edcdc2f7d85b137124a6c3c9fc3933cdeaa12ecb9a6a959f22797a0feca7e1"
            ],
            "markers": "python_version >= '2.7' and python_version not in '3.0, 3.1, 3.2, 3.3, 3.4, 3.5'",
            "version": "==1.26.14"
        },
        "waitress": {
            "hashes": [
                "sha256:7500c9625927c8ec60f54377d590f67b30c8e70ef4b8894214ac6e4cad233d2a",
                "sha256:780a4082c5fbc0fde6a2fcfe5e26e6efc1e8f425730863c04085769781f51eba"
            ],
            "index": "pypi",
            "version": "==2.1.2"
        },
        "watchdog": {
            "hashes": [
                "sha256:036ed15f7cd656351bf4e17244447be0a09a61aaa92014332d50719fc5973bc0",
                "sha256:0c520009b8cce79099237d810aaa19bc920941c268578436b62013b2f0102320",
                "sha256:0fb60c7d31474b21acba54079ce9ff0136411183e9a591369417cddb1d7d00d7",
                "sha256:156ec3a94695ea68cfb83454b98754af6e276031ba1ae7ae724dc6bf8973b92a",
                "sha256:1ae17b6be788fb8e4d8753d8d599de948f0275a232416e16436363c682c6f850",
                "sha256:1e5d0fdfaa265c29dc12621913a76ae99656cf7587d03950dfeb3595e5a26102",
                "sha256:24dedcc3ce75e150f2a1d704661f6879764461a481ba15a57dc80543de46021c",
                "sha256:2962628a8777650703e8f6f2593065884c602df7bae95759b2df267bd89b2ef5",
                "sha256:47598fe6713fc1fee86b1ca85c9cbe77e9b72d002d6adeab9c3b608f8a5ead10",
                "sha256:4978db33fc0934c92013ee163a9db158ec216099b69fce5aec790aba704da412",
                "sha256:5e2e51c53666850c3ecffe9d265fc5d7351db644de17b15e9c685dd3cdcd6f97",
                "sha256:676263bee67b165f16b05abc52acc7a94feac5b5ab2449b491f1a97638a79277",
                "sha256:68dbe75e0fa1ba4d73ab3f8e67b21770fbed0651d32ce515cd38919a26873266",
                "sha256:6d03149126864abd32715d4e9267d2754cede25a69052901399356ad3bc5ecff",
                "sha256:6ddf67bc9f413791072e3afb466e46cc72c6799ba73dea18439b412e8f2e3257",
                "sha256:746e4c197ec1083581bb1f64d07d1136accf03437badb5ff8fcb862565c193b2",
                "sha256:7721ac736170b191c50806f43357407138c6748e4eb3e69b071397f7f7aaeedd",
                "sha256:88ef3e8640ef0a64b7ad7394b0f23384f58ac19dd759da7eaa9bc04b2898943f",
                "sha256:aa68d2d9a89d686fae99d28a6edf3b18595e78f5adf4f5c18fbfda549ac0f20c",
                "sha256:b962de4d7d92ff78fb2dbc6a0cb292a679dea879a0eb5568911484d56545b153",
                "sha256:ce7376aed3da5fd777483fe5ebc8475a440c6d18f23998024f832134b2938e7b",
                "sha256:ddde157dc1447d8130cb5b8df102fad845916fe4335e3d3c3f44c16565becbb7",
                "sha256:efcc8cbc1b43902571b3dce7ef53003f5b97fe4f275fe0489565fc6e2ebe3314",
                "sha256:f9ee4c6bf3a1b2ed6be90a2d78f3f4bbd8105b6390c04a86eb48ed67bbfa0b0b",
                "sha256:fed4de6e45a4f16e4046ea00917b4fe1700b97244e5d114f594b4a1b9de6bed8"
            ],
            "index": "pypi",
            "version": "==2.1.8"
        },
        "werkzeug": {
            "hashes": [
                "sha256:097e5bfda9f0aba8da6b8545146def481d06aa7d3266e7448e2cccf67dd8bd18",
                "sha256:fc9645dc43e03e4d630d23143a04a7f947a9a3b5727cd535fdfe155a17cc48c8"
            ],
            "index": "pypi",
            "markers": "python_version >= '3.8'",
            "version": "==3.0.3"
        }
    },
    "develop": {}
}
